
Microsoft Visual Studio Solution File, Format Version 12.00
# Visual Studio Version 17
VisualStudioVersion = 17.2.32630.192
MinimumVisualStudioVersion = 10.0.40219.1
Project("{8BC9CEB8-8B4A-11D0-8D11-00A0C91BC942}") = "Ex.4", "Ex.4\Ex.4.vcxproj", "{AC87749E-315D-4784-A81C-CA51FA1F6268}"
EndProject
Global
	GlobalSection(SolutionConfigurationPlatforms) = preSolution
		Debug|x64 = Debug|x64
		Debug|x86 = Debug|x86
		Release|x64 = Release|x64
		Release|x86 = Release|x86
	EndGlobalSection
	GlobalSection(ProjectConfigurationPlatforms) = postSolution
		{AC87749E-315D-4784-A81C-CA51FA1F6268}.Debug|x64.ActiveCfg = Debug|x64
		{AC87749E-315D-4784-A81C-CA51FA1F6268}.Debug|x64.Build.0 = Debug|x64
		{AC87749E-315D-4784-A81C-CA51FA1F6268}.Debug|x86.ActiveCfg = Debug|Win32
		{AC87749E-315D-4784-A81C-CA51FA1F6268}.Debug|x86.Build.0 = Debug|Win32
		{AC87749E-315D-4784-A81C-CA51FA1F6268}.Release|x64.ActiveCfg = Release|x64
		{AC87749E-315D-4784-A81C-CA51FA1F6268}.Release|x64.Build.0 = Release|x64
		{AC87749E-315D-4784-A81C-CA51FA1F6268}.Release|x86.ActiveCfg = Release|Win32
		{AC87749E-315D-4784-A81C-CA51FA1F6268}.Release|x86.Build.0 = Release|Win32
	EndGlobalSection
	GlobalSection(SolutionProperties) = preSolution
		HideSolutionNode = FALSE
	EndGlobalSection
	GlobalSection(ExtensibilityGlobals) = postSolution
		SolutionGuid = {092C7B5F-F280-4401-8A2A-9FC994F6296F}
	EndGlobalSection
EndGlobal
